// !$*UTF8*$!
{
	archiveVersion = 1;
	classes = {
	};
	objectVersion = 50;
	objects = {

/* Begin PBXBuildFile section */
		C4A402912619BD7200BAD14F /* NewProjectApp.swift in Sources */ = {isa = PBXBuildFile; fileRef = C4A4027E2619BD6800BAD14F /* NewProjectApp.swift */; };
		C4A402922619BD7200BAD14F /* NewProjectApp.swift in Sources */ = {isa = PBXBuildFile; fileRef = C4A4027E2619BD6800BAD14F /* NewProjectApp.swift */; };
		C4A402932619BD7200BAD14F /* ContentView.swift in Sources */ = {isa = PBXBuildFile; fileRef = C4A4027F2619BD6800BAD14F /* ContentView.swift */; };
		C4A402942619BD7200BAD14F /* ContentView.swift in Sources */ = {isa = PBXBuildFile; fileRef = C4A4027F2619BD6800BAD14F /* ContentView.swift */; };
		C4A402952619BD7200BAD14F /* Assets.xcassets in Resources */ = {isa = PBXBuildFile; fileRef = C4A402802619BD7200BAD14F /* Assets.xcassets */; };
		C4A402962619BD7200BAD14F /* Assets.xcassets in Resources */ = {isa = PBXBuildFile; fileRef = C4A402802619BD7200BAD14F /* Assets.xcassets */; };
		C4A402A22619BE1100BAD14F /* Config.swift in Sources */ = {isa = PBXBuildFile; fileRef = C4A402A12619BE1100BAD14F /* Config.swift */; };
		C4A402A32619BE1100BAD14F /* Config.swift in Sources */ = {isa = PBXBuildFile; fileRef = C4A402A12619BE1100BAD14F /* Config.swift */; };
/* End PBXBuildFile section */

/* Begin PBXFileReference section */
		C4A4027E2619BD6800BAD14F /* NewProjectApp.swift */ = {isa = PBXFileReference; lastKnownFileType = sourcecode.swift; path = NewProjectApp.swift; sourceTree = "<group>"; };
		C4A4027F2619BD6800BAD14F /* ContentView.swift */ = {isa = PBXFileReference; lastKnownFileType = sourcecode.swift; path = ContentView.swift; sourceTree = "<group>"; };
		C4A402802619BD7200BAD14F /* Assets.xcassets */ = {isa = PBXFileReference; lastKnownFileType = folder.assetcatalog; path = Assets.xcassets; sourceTree = "<group>"; };
		C4A402852619BD7200BAD14F /* NewProject.app */ = {isa = PBXFileReference; explicitFileType = wrapper.application; includeInIndex = 0; path = NewProject.app; sourceTree = BUILT_PRODUCTS_DIR; };
		C4A402882619BD7200BAD14F /* Info.plist */ = {isa = PBXFileReference; lastKnownFileType = text.plist.xml; path = Info.plist; sourceTree = "<group>"; };
		C4A4028D2619BD7200BAD14F /* NewProject.app */ = {isa = PBXFileReference; explicitFileType = wrapper.application; includeInIndex = 0; path = NewProject.app; sourceTree = BUILT_PRODUCTS_DIR; };
		C4A4028F2619BD7200BAD14F /* Info.plist */ = {isa = PBXFileReference; lastKnownFileType = text.plist.xml; path = Info.plist; sourceTree = "<group>"; };
		C4A402902619BD7200BAD14F /* macOS.entitlements */ = {isa = PBXFileReference; lastKnownFileType = text.plist.entitlements; path = macOS.entitlements; sourceTree = "<group>"; };
		C4A402A12619BE1100BAD14F /* Config.swift */ = {isa = PBXFileReference; lastKnownFileType = sourcecode.swift; path = Config.swift; sourceTree = "<group>"; };
/* End PBXFileReference section */

/* Begin PBXFrameworksBuildPhase section */
		C4A402822619BD7200BAD14F /* Frameworks */ = {
			isa = PBXFrameworksBuildPhase;
			buildActionMask = 2147483647;
			files = (
			);
			runOnlyForDeploymentPostprocessing = 0;
		};
		C4A4028A2619BD7200BAD14F /* Frameworks */ = {
			isa = PBXFrameworksBuildPhase;
			buildActionMask = 2147483647;
			files = (
			);
			runOnlyForDeploymentPostprocessing = 0;
		};
/* End PBXFrameworksBuildPhase section */

/* Begin PBXGroup section */
		C4A402782619BD6700BAD14F = {
			isa = PBXGroup;
			children = (
				C4A4027D2619BD6800BAD14F /* Shared */,
				C4A402872619BD7200BAD14F /* iOS */,
				C4A4028E2619BD7200BAD14F /* macOS */,
				C4A402862619BD7200BAD14F /* Products */,
			);
			sourceTree = "<group>";
		};
		C4A4027D2619BD6800BAD14F /* Shared */ = {
			isa = PBXGroup;
			children = (
				C4A4027E2619BD6800BAD14F /* NewProjectApp.swift */,
				C4A4027F2619BD6800BAD14F /* ContentView.swift */,
				C4A402802619BD7200BAD14F /* Assets.xcassets */,
				C4A402A12619BE1100BAD14F /* Config.swift */,
			);
			path = Shared;
			sourceTree = "<group>";
		};
		C4A402862619BD7200BAD14F /* Products */ = {
			isa = PBXGroup;
			children = (
				C4A402852619BD7200BAD14F /* NewProject.app */,
				C4A4028D2619BD7200BAD14F /* NewProject.app */,
			);
			name = Products;
			sourceTree = "<group>";
		};
		C4A402872619BD7200BAD14F /* iOS */ = {
			isa = PBXGroup;
			children = (
				C4A402882619BD7200BAD14F /* Info.plist */,
			);
			path = iOS;
			sourceTree = "<group>";
		};
		C4A4028E2619BD7200BAD14F /* macOS */ = {
			isa = PBXGroup;
			children = (
				C4A4028F2619BD7200BAD14F /* Info.plist */,
				C4A402902619BD7200BAD14F /* macOS.entitlements */,
			);
			path = macOS;
			sourceTree = "<group>";
		};
/* End PBXGroup section */

/* Begin PBXNativeTarget section */
		C4A402842619BD7200BAD14F /* NewProject (iOS) */ = {
			isa = PBXNativeTarget;
			buildConfigurationList = C4A402992619BD7200BAD14F /* Build configuration list for PBXNativeTarget "NewProject (iOS)" */;
			buildPhases = (
				C4A402812619BD7200BAD14F /* Sources */,
				C4A402822619BD7200BAD14F /* Frameworks */,
				C4A402832619BD7200BAD14F /* Resources */,
			);
			buildRules = (
			);
			dependencies = (
			);
			name = "NewProject (iOS)";
			productName = "NewProject (iOS)";
			productReference = C4A402852619BD7200BAD14F /* NewProject.app */;
			productType = "com.apple.product-type.application";
		};
		C4A4028C2619BD7200BAD14F /* NewProject (macOS) */ = {
			isa = PBXNativeTarget;
			buildConfigurationList = C4A4029C2619BD7200BAD14F /* Build configuration list for PBXNativeTarget "NewProject (macOS)" */;
			buildPhases = (
				C4A402892619BD7200BAD14F /* Sources */,
				C4A4028A2619BD7200BAD14F /* Frameworks */,
				C4A4028B2619BD7200BAD14F /* Resources */,
			);
			buildRules = (
			);
			dependencies = (
			);
			name = "NewProject (macOS)";
			productName = "NewProject (macOS)";
			productReference = C4A4028D2619BD7200BAD14F /* NewProject.app */;
			productType = "com.apple.product-type.application";
		};
/* End PBXNativeTarget section */

/* Begin PBXProject section */
		C4A402792619BD6700BAD14F /* Project object */ = {
			isa = PBXProject;
			attributes = {
				LastSwiftUpdateCheck = 1220;
				LastUpgradeCheck = 1220;
				TargetAttributes = {
					C4A402842619BD7200BAD14F = {
						CreatedOnToolsVersion = 12.2;
					};
					C4A4028C2619BD7200BAD14F = {
						CreatedOnToolsVersion = 12.2;
					};
				};
			};
			buildConfigurationList = C4A4027C2619BD6700BAD14F /* Build configuration list for PBXProject "NewProject" */;
			compatibilityVersion = "Xcode 9.3";
			developmentRegion = en;
			hasScannedForEncodings = 0;
			knownRegions = (
				en,
				Base,
			);
			mainGroup = C4A402782619BD6700BAD14F;
			productRefGroup = C4A402862619BD7200BAD14F /* Products */;
			projectDirPath = "";
			projectRoot = "";
			targets = (
				C4A402842619BD7200BAD14F /* NewProject (iOS) */,
				C4A4028C2619BD7200BAD14F /* NewProject (macOS) */,
			);
		};
/* End PBXProject section */

/* Begin PBXResourcesBuildPhase section */
		C4A402832619BD7200BAD14F /* Resources */ = {
			isa = PBXResourcesBuildPhase;
			buildActionMask = 2147483647;
			files = (
				C4A402952619BD7200BAD14F /* Assets.xcassets in Resources */,
			);
			runOnlyForDeploymentPostprocessing = 0;
		};
		C4A4028B2619BD7200BAD14F /* Resources */ = {
			isa = PBXResourcesBuildPhase;
			buildActionMask = 2147483647;
			files = (
				C4A402962619BD7200BAD14F /* Assets.xcassets in Resources */,
			);
			runOnlyForDeploymentPostprocessing = 0;
		};
/* End PBXResourcesBuildPhase section */

/* Begin PBXSourcesBuildPhase section */
		C4A402812619BD7200BAD14F /* Sources */ = {
			isa = PBXSourcesBuildPhase;
			buildActionMask = 2147483647;
			files = (
				C4A402932619BD7200BAD14F /* ContentView.swift in Sources */,
				C4A402912619BD7200BAD14F /* NewProjectApp.swift in Sources */,
				C4A402A22619BE1100BAD14F /* Config.swift in Sources */,
			);
			runOnlyForDeploymentPostprocessing = 0;
		};
		C4A402892619BD7200BAD14F /* Sources */ = {
			isa = PBXSourcesBuildPhase;
			buildActionMask = 2147483647;
			files = (
				C4A402942619BD7200BAD14F /* ContentView.swift in Sources */,
				C4A402922619BD7200BAD14F /* NewProjectApp.swift in Sources */,
				C4A402A32619BE1100BAD14F /* Config.swift in Sources */,
			);
			runOnlyForDeploymentPostprocessing = 0;
		};
/* End PBXSourcesBuildPhase section */

/* Begin XCBuildConfiguration section */
		C4A402972619BD7200BAD14F /* Debug */ = {
			isa = XCBuildConfiguration;
			buildSettings = {
				ALWAYS_SEARCH_USER_PATHS = NO;
				CLANG_ANALYZER_NONNULL = YES;
				CLANG_ANALYZER_NUMBER_OBJECT_CONVERSION = YES_AGGRESSIVE;
				CLANG_CXX_LANGUAGE_STANDARD = "gnu++14";
				CLANG_CXX_LIBRARY = "libc++";
				CLANG_ENABLE_MODULES = YES;
				CLANG_ENABLE_OBJC_ARC = YES;
				CLANG_ENABLE_OBJC_WEAK = YES;
				CLANG_WARN_BLOCK_CAPTURE_AUTORELEASING = YES;
				CLANG_WARN_BOOL_CONVERSION = YES;
				CLANG_WARN_COMMA = YES;
				CLANG_WARN_CONSTANT_CONVERSION = YES;
				CLANG_WARN_DEPRECATED_OBJC_IMPLEMENTATIONS = YES;
				CLANG_WARN_DIRECT_OBJC_ISA_USAGE = YES_ERROR;
				CLANG_WARN_DOCUMENTATION_COMMENTS = YES;
				CLANG_WARN_EMPTY_BODY = YES;
				CLANG_WARN_ENUM_CONVERSION = YES;
				CLANG_WARN_INFINITE_RECURSION = YES;
				CLANG_WARN_INT_CONVERSION = YES;
				CLANG_WARN_NON_LITERAL_NULL_CONVERSION = YES;
				CLANG_WARN_OBJC_IMPLICIT_RETAIN_SELF = YES;
				CLANG_WARN_OBJC_LITERAL_CONVERSION = YES;
				CLANG_WARN_OBJC_ROOT_CLASS = YES_ERROR;
				CLANG_WARN_QUOTED_INCLUDE_IN_FRAMEWORK_HEADER = YES;
				CLANG_WARN_RANGE_LOOP_ANALYSIS = YES;
				CLANG_WARN_STRICT_PROTOTYPES = YES;
				CLANG_WARN_SUSPICIOUS_MOVE = YES;
				CLANG_WARN_UNGUARDED_AVAILABILITY = YES_AGGRESSIVE;
				CLANG_WARN_UNREACHABLE_CODE = YES;
				CLANG_WARN__DUPLICATE_METHOD_MATCH = YES;
				COPY_PHASE_STRIP = NO;
				DEBUG_INFORMATION_FORMAT = dwarf;
				ENABLE_STRICT_OBJC_MSGSEND = YES;
				ENABLE_TESTABILITY = YES;
				GCC_C_LANGUAGE_STANDARD = gnu11;
				GCC_DYNAMIC_NO_PIC = NO;
				GCC_NO_COMMON_BLOCKS = YES;
				GCC_OPTIMIZATION_LEVEL = 0;
				GCC_PREPROCESSOR_DEFINITIONS = (
					"DEBUG=1",
					"$(inherited)",
				);
				GCC_WARN_64_TO_32_BIT_CONVERSION = YES;
				GCC_WARN_ABOUT_RETURN_TYPE = YES_ERROR;
				GCC_WARN_UNDECLARED_SELECTOR = YES;
				GCC_WARN_UNINITIALIZED_AUTOS = YES_AGGRESSIVE;
				GCC_WARN_UNUSED_FUNCTION = YES;
				GCC_WARN_UNUSED_VARIABLE = YES;
				MTL_ENABLE_DEBUG_INFO = INCLUDE_SOURCE;
				MTL_FAST_MATH = YES;
				ONLY_ACTIVE_ARCH = YES;
				SWIFT_ACTIVE_COMPILATION_CONDITIONS = DEBUG;
				SWIFT_OPTIMIZATION_LEVEL = "-Onone";
			};
			name = Debug;
		};
		C4A402982619BD7200BAD14F /* Release */ = {
			isa = XCBuildConfiguration;
			buildSettings = {
				ALWAYS_SEARCH_USER_PATHS = NO;
				CLANG_ANALYZER_NONNULL = YES;
				CLANG_ANALYZER_NUMBER_OBJECT_CONVERSION = YES_AGGRESSIVE;
				CLANG_CXX_LANGUAGE_STANDARD = "gnu++14";
				CLANG_CXX_LIBRARY = "libc++";
				CLANG_ENABLE_MODULES = YES;
				CLANG_ENABLE_OBJC_ARC = YES;
				CLANG_ENABLE_OBJC_WEAK = YES;
				CLANG_WARN_BLOCK_CAPTURE_AUTORELEASING = YES;
				CLANG_WARN_BOOL_CONVERSION = YES;
				CLANG_WARN_COMMA = YES;
				CLANG_WARN_CONSTANT_CONVERSION = YES;
				CLANG_WARN_DEPRECATED_OBJC_IMPLEMENTATIONS = YES;
				CLANG_WARN_DIRECT_OBJC_ISA_USAGE = YES_ERROR;
				CLANG_WARN_DOCUMENTATION_COMMENTS = YES;
				CLANG_WARN_EMPTY_BODY = YES;
				CLANG_WARN_ENUM_CONVERSION = YES;
				CLANG_WARN_INFINITE_RECURSION = YES;
				CLANG_WARN_INT_CONVERSION = YES;
				CLANG_WARN_NON_LITERAL_NULL_CONVERSION = YES;
				CLANG_WARN_OBJC_IMPLICIT_RETAIN_SELF = YES;
				CLANG_WARN_OBJC_LITERAL_CONVERSION = YES;
				CLANG_WARN_OBJC_ROOT_CLASS = YES_ERROR;
				CLANG_WARN_QUOTED_INCLUDE_IN_FRAMEWORK_HEADER = YES;
				CLANG_WARN_RANGE_LOOP_ANALYSIS = YES;
				CLANG_WARN_STRICT_PROTOTYPES = YES;
				CLANG_WARN_SUSPICIOUS_MOVE = YES;
				CLANG_WARN_UNGUARDED_AVAILABILITY = YES_AGGRESSIVE;
				CLANG_WARN_UNREACHABLE_CODE = YES;
				CLANG_WARN__DUPLICATE_METHOD_MATCH = YES;
				COPY_PHASE_STRIP = NO;
				DEBUG_INFORMATION_FORMAT = "dwarf-with-dsym";
				ENABLE_NS_ASSERTIONS = NO;
				ENABLE_STRICT_OBJC_MSGSEND = YES;
				GCC_C_LANGUAGE_STANDARD = gnu11;
				GCC_NO_COMMON_BLOCKS = YES;
				GCC_WARN_64_TO_32_BIT_CONVERSION = YES;
				GCC_WARN_ABOUT_RETURN_TYPE = YES_ERROR;
				GCC_WARN_UNDECLARED_SELECTOR = YES;
				GCC_WARN_UNINITIALIZED_AUTOS = YES_AGGRESSIVE;
				GCC_WARN_UNUSED_FUNCTION = YES;
				GCC_WARN_UNUSED_VARIABLE = YES;
				MTL_ENABLE_DEBUG_INFO = NO;
				MTL_FAST_MATH = YES;
				SWIFT_COMPILATION_MODE = wholemodule;
				SWIFT_OPTIMIZATION_LEVEL = "-O";
			};
			name = Release;
		};
		C4A4029A2619BD7200BAD14F /* Debug */ = {
			isa = XCBuildConfiguration;
			buildSettings = {
				ASSETCATALOG_COMPILER_APPICON_NAME = AppIcon;
				ASSETCATALOG_COMPILER_GLOBAL_ACCENT_COLOR_NAME = AccentColor;
				CODE_SIGN_STYLE = Automatic;
				DEVELOPMENT_TEAM = J6SRSNP82X;
				ENABLE_PREVIEWS = YES;
				INFOPLIST_FILE = iOS/Info.plist;
				IPHONEOS_DEPLOYMENT_TARGET = 14.0;
				LD_RUNPATH_SEARCH_PATHS = (
					"$(inherited)",
					"@executable_path/Frameworks",
				);
				PRODUCT_BUNDLE_IDENTIFIER = com.example.NewProject;
				PRODUCT_NAME = NewProject;
				SDKROOT = iphoneos;
				SWIFT_VERSION = 5.0;
				TARGETED_DEVICE_FAMILY = "1,2";
			};
			name = Debug;
		};
		C4A4029B2619BD7200BAD14F /* Release */ = {
			isa = XCBuildConfiguration;
			buildSettings = {
				ASSETCATALOG_COMPILER_APPICON_NAME = AppIcon;
				ASSETCATALOG_COMPILER_GLOBAL_ACCENT_COLOR_NAME = AccentColor;
				CODE_SIGN_STYLE = Automatic;
				DEVELOPMENT_TEAM = J6SRSNP82X;
				ENABLE_PREVIEWS = YES;
				INFOPLIST_FILE = iOS/Info.plist;
				IPHONEOS_DEPLOYMENT_TARGET = 14.0;
				LD_RUNPATH_SEARCH_PATHS = (
					"$(inherited)",
					"@executable_path/Frameworks",
				);
				PRODUCT_BUNDLE_IDENTIFIER = com.example.NewProject;
				PRODUCT_NAME = NewProject;
				SDKROOT = iphoneos;
				SWIFT_VERSION = 5.0;
				TARGETED_DEVICE_FAMILY = "1,2";
				VALIDATE_PRODUCT = YES;
			};
			name = Release;
		};
		C4A4029D2619BD7200BAD14F /* Debug */ = {
			isa = XCBuildConfiguration;
			buildSettings = {
				ASSETCATALOG_COMPILER_APPICON_NAME = AppIcon;
				ASSETCATALOG_COMPILER_GLOBAL_ACCENT_COLOR_NAME = AccentColor;
				CODE_SIGN_ENTITLEMENTS = macOS/macOS.entitlements;
				CODE_SIGN_STYLE = Automatic;
				COMBINE_HIDPI_IMAGES = YES;
				DEVELOPMENT_TEAM = J6SRSNP82X;
				ENABLE_HARDENED_RUNTIME = YES;
				ENABLE_PREVIEWS = YES;
				INFOPLIST_FILE = macOS/Info.plist;
				LD_RUNPATH_SEARCH_PATHS = (
					"$(inherited)",
					"@executable_path/../Frameworks",
				);
				MACOSX_DEPLOYMENT_TARGET = 11.0;
				PRODUCT_BUNDLE_IDENTIFIER = com.example.NewProject;
				PRODUCT_NAME = NewProject;
				SDKROOT = macosx;
				SWIFT_VERSION = 5.0;
			};
			name = Debug;
		};
		C4A4029E2619BD7200BAD14F /* Release */ = {
			isa = XCBuildConfiguration;
			buildSettings = {
				ASSETCATALOG_COMPILER_APPICON_NAME = AppIcon;
				ASSETCATALOG_COMPILER_GLOBAL_ACCENT_COLOR_NAME = AccentColor;
				CODE_SIGN_ENTITLEMENTS = macOS/macOS.entitlements;
				CODE_SIGN_STYLE = Automatic;
				COMBINE_HIDPI_IMAGES = YES;
				DEVELOPMENT_TEAM = J6SRSNP82X;
				ENABLE_HARDENED_RUNTIME = YES;
				ENABLE_PREVIEWS = YES;
				INFOPLIST_FILE = macOS/Info.plist;
				LD_RUNPATH_SEARCH_PATHS = (
					"$(inherited)",
					"@executable_path/../Frameworks",
				);
				MACOSX_DEPLOYMENT_TARGET = 11.0;
				PRODUCT_BUNDLE_IDENTIFIER = com.example.NewProject;
				PRODUCT_NAME = NewProject;
				SDKROOT = macosx;
				SWIFT_VERSION = 5.0;
			};
			name = Release;
		};
/* End XCBuildConfiguration section */

/* Begin XCConfigurationList section */
		C4A4027C2619BD6700BAD14F /* Build configuration list for PBXProject "NewProject" */ = {
			isa = XCConfigurationList;
			buildConfigurations = (
				C4A402972619BD7200BAD14F /* Debug */,
				C4A402982619BD7200BAD14F /* Release */,
			);
			defaultConfigurationIsVisible = 0;
			defaultConfigurationName = Release;
		};
		C4A402992619BD7200BAD14F /* Build configuration list for PBXNativeTarget "NewProject (iOS)" */ = {
			isa = XCConfigurationList;
			buildConfigurations = (
				C4A4029A2619BD7200BAD14F /* Debug */,
				C4A4029B2619BD7200BAD14F /* Release */,
			);
			defaultConfigurationIsVisible = 0;
			defaultConfigurationName = Release;
		};
		C4A4029C2619BD7200BAD14F /* Build configuration list for PBXNativeTarget "NewProject (macOS)" */ = {
			isa = XCConfigurationList;
			buildConfigurations = (
				C4A4029D2619BD7200BAD14F /* Debug */,
				C4A4029E2619BD7200BAD14F /* Release */,
			);
			defaultConfigurationIsVisible = 0;
			defaultConfigurationName = Release;
		};
/* End XCConfigurationList section */
	};
	rootObject = C4A402792619BD6700BAD14F /* Project object */;
}
